
Microsoft Visual Studio Solution File, Format Version 12.00
# Visual Studio Version 16
VisualStudioVersion = 16.0.30413.136
MinimumVisualStudioVersion = 10.0.40219.1
Project("{9A19103F-16F7-4668-BE54-9A1E7A4F7556}") = "MovieAPI", "MovieAPI\MovieAPI.csproj", "{AF7D97EE-84D7-4BCD-AD9B-53D0AE79A1E1}"
EndProject
Project("{9A19103F-16F7-4668-BE54-9A1E7A4F7556}") = "VoteAndClassificationService", "VoteAndClassificationService\VoteAndClassificationService.csproj", "{84AD0066-895C-4955-88F9-CF648042786E}"
EndProject
Project("{E53339B2-1760-4266-BCC7-CA923CBCF16C}") = "docker-compose", "docker-compose.dcproj", "{37A20640-51AA-434D-8AC4-A717F26A8CDD}"
EndProject
Project("{9A19103F-16F7-4668-BE54-9A1E7A4F7556}") = "CSCConsumerServiceConsume", "CSCConsumerService\CSCConsumerServiceConsume.csproj", "{EE219EAC-E22C-4726-814A-ED054F93B765}"
EndProject
Project("{9A19103F-16F7-4668-BE54-9A1E7A4F7556}") = "UserAPI", "UserAPI\UserAPI.csproj", "{8601A805-5BC9-4003-95D8-2F43766F41FD}"
EndProject
Project("{9A19103F-16F7-4668-BE54-9A1E7A4F7556}") = "CSCServiceRequest", "CSCServiceRequest\CSCServiceRequest.csproj", "{A18974ED-E6F8-4CC6-BA88-7B591CFEA2A2}"
EndProject
Global
	GlobalSection(SolutionConfigurationPlatforms) = preSolution
		Debug|Any CPU = Debug|Any CPU
		Debug|x64 = Debug|x64
		Release|Any CPU = Release|Any CPU
		Release|x64 = Release|x64
	EndGlobalSection
	GlobalSection(ProjectConfigurationPlatforms) = postSolution
		{AF7D97EE-84D7-4BCD-AD9B-53D0AE79A1E1}.Debug|Any CPU.ActiveCfg = Debug|Any CPU
		{AF7D97EE-84D7-4BCD-AD9B-53D0AE79A1E1}.Debug|Any CPU.Build.0 = Debug|Any CPU
		{AF7D97EE-84D7-4BCD-AD9B-53D0AE79A1E1}.Debug|x64.ActiveCfg = Debug|Any CPU
		{AF7D97EE-84D7-4BCD-AD9B-53D0AE79A1E1}.Debug|x64.Build.0 = Debug|Any CPU
		{AF7D97EE-84D7-4BCD-AD9B-53D0AE79A1E1}.Release|Any CPU.ActiveCfg = Release|Any CPU
		{AF7D97EE-84D7-4BCD-AD9B-53D0AE79A1E1}.Release|Any CPU.Build.0 = Release|Any CPU
		{AF7D97EE-84D7-4BCD-AD9B-53D0AE79A1E1}.Release|x64.ActiveCfg = Release|Any CPU
		{AF7D97EE-84D7-4BCD-AD9B-53D0AE79A1E1}.Release|x64.Build.0 = Release|Any CPU
		{84AD0066-895C-4955-88F9-CF648042786E}.Debug|Any CPU.ActiveCfg = Debug|Any CPU
		{84AD0066-895C-4955-88F9-CF648042786E}.Debug|Any CPU.Build.0 = Debug|Any CPU
		{84AD0066-895C-4955-88F9-CF648042786E}.Debug|x64.ActiveCfg = Debug|Any CPU
		{84AD0066-895C-4955-88F9-CF648042786E}.Debug|x64.Build.0 = Debug|Any CPU
		{84AD0066-895C-4955-88F9-CF648042786E}.Release|Any CPU.ActiveCfg = Release|Any CPU
		{84AD0066-895C-4955-88F9-CF648042786E}.Release|Any CPU.Build.0 = Release|Any CPU
		{84AD0066-895C-4955-88F9-CF648042786E}.Release|x64.ActiveCfg = Release|Any CPU
		{84AD0066-895C-4955-88F9-CF648042786E}.Release|x64.Build.0 = Release|Any CPU
		{37A20640-51AA-434D-8AC4-A717F26A8CDD}.Debug|Any CPU.ActiveCfg = Debug|Any CPU
		{37A20640-51AA-434D-8AC4-A717F26A8CDD}.Debug|Any CPU.Build.0 = Debug|Any CPU
		{37A20640-51AA-434D-8AC4-A717F26A8CDD}.Debug|x64.ActiveCfg = Debug|Any CPU
		{37A20640-51AA-434D-8AC4-A717F26A8CDD}.Debug|x64.Build.0 = Debug|Any CPU
		{37A20640-51AA-434D-8AC4-A717F26A8CDD}.Release|Any CPU.ActiveCfg = Release|Any CPU
		{37A20640-51AA-434D-8AC4-A717F26A8CDD}.Release|Any CPU.Build.0 = Release|Any CPU
		{37A20640-51AA-434D-8AC4-A717F26A8CDD}.Release|x64.ActiveCfg = Release|Any CPU
		{37A20640-51AA-434D-8AC4-A717F26A8CDD}.Release|x64.Build.0 = Release|Any CPU
		{EE219EAC-E22C-4726-814A-ED054F93B765}.Debug|Any CPU.ActiveCfg = Debug|Any CPU
		{EE219EAC-E22C-4726-814A-ED054F93B765}.Debug|Any CPU.Build.0 = Debug|Any CPU
		{EE219EAC-E22C-4726-814A-ED054F93B765}.Debug|x64.ActiveCfg = Debug|Any CPU
		{EE219EAC-E22C-4726-814A-ED054F93B765}.Debug|x64.Build.0 = Debug|Any CPU
		{EE219EAC-E22C-4726-814A-ED054F93B765}.Release|Any CPU.ActiveCfg = Release|Any CPU
		{EE219EAC-E22C-4726-814A-ED054F93B765}.Release|Any CPU.Build.0 = Release|Any CPU
		{EE219EAC-E22C-4726-814A-ED054F93B765}.Release|x64.ActiveCfg = Release|Any CPU
		{EE219EAC-E22C-4726-814A-ED054F93B765}.Release|x64.Build.0 = Release|Any CPU
		{8601A805-5BC9-4003-95D8-2F43766F41FD}.Debug|Any CPU.ActiveCfg = Debug|Any CPU
		{8601A805-5BC9-4003-95D8-2F43766F41FD}.Debug|Any CPU.Build.0 = Debug|Any CPU
		{8601A805-5BC9-4003-95D8-2F43766F41FD}.Debug|x64.ActiveCfg = Debug|Any CPU
		{8601A805-5BC9-4003-95D8-2F43766F41FD}.Debug|x64.Build.0 = Debug|Any CPU
		{8601A805-5BC9-4003-95D8-2F43766F41FD}.Release|Any CPU.ActiveCfg = Release|Any CPU
		{8601A805-5BC9-4003-95D8-2F43766F41FD}.Release|Any CPU.Build.0 = Release|Any CPU
		{8601A805-5BC9-4003-95D8-2F43766F41FD}.Release|x64.ActiveCfg = Release|Any CPU
		{8601A805-5BC9-4003-95D8-2F43766F41FD}.Release|x64.Build.0 = Release|Any CPU
		{A18974ED-E6F8-4CC6-BA88-7B591CFEA2A2}.Debug|Any CPU.ActiveCfg = Debug|Any CPU
		{A18974ED-E6F8-4CC6-BA88-7B591CFEA2A2}.Debug|Any CPU.Build.0 = Debug|Any CPU
		{A18974ED-E6F8-4CC6-BA88-7B591CFEA2A2}.Debug|x64.ActiveCfg = Debug|Any CPU
		{A18974ED-E6F8-4CC6-BA88-7B591CFEA2A2}.Debug|x64.Build.0 = Debug|Any CPU
		{A18974ED-E6F8-4CC6-BA88-7B591CFEA2A2}.Release|Any CPU.ActiveCfg = Release|Any CPU
		{A18974ED-E6F8-4CC6-BA88-7B591CFEA2A2}.Release|Any CPU.Build.0 = Release|Any CPU
		{A18974ED-E6F8-4CC6-BA88-7B591CFEA2A2}.Release|x64.ActiveCfg = Release|Any CPU
		{A18974ED-E6F8-4CC6-BA88-7B591CFEA2A2}.Release|x64.Build.0 = Release|Any CPU
	EndGlobalSection
	GlobalSection(SolutionProperties) = preSolution
		HideSolutionNode = FALSE
	EndGlobalSection
	GlobalSection(ExtensibilityGlobals) = postSolution
		SolutionGuid = {E2BD4A47-FF8D-4DB7-9860-BC0BC8141047}
	EndGlobalSection
EndGlobal
